
Microsoft Visual Studio Solution File, Format Version 12.00
# Visual Studio Version 17
VisualStudioVersion = 17.8.34330.188
MinimumVisualStudioVersion = 10.0.40219.1
Project("{FAE04EC0-301F-11D3-BF4B-00C04F79EFBC}") = "CompanyData", "CompanyData\CompanyData.csproj", "{9D9194B6-B8E0-4ACB-A75D-3F76C4A6300C}"
EndProject
Global
	GlobalSection(SolutionConfigurationPlatforms) = preSolution
		Debug|Any CPU = Debug|Any CPU
		Release|Any CPU = Release|Any CPU
	EndGlobalSection
	GlobalSection(ProjectConfigurationPlatforms) = postSolution
		{9D9194B6-B8E0-4ACB-A75D-3F76C4A6300C}.Debug|Any CPU.ActiveCfg = Debug|Any CPU
		{9D9194B6-B8E0-4ACB-A75D-3F76C4A6300C}.Debug|Any CPU.Build.0 = Debug|Any CPU
		{9D9194B6-B8E0-4ACB-A75D-3F76C4A6300C}.Release|Any CPU.ActiveCfg = Release|Any CPU
		{9D9194B6-B8E0-4ACB-A75D-3F76C4A6300C}.Release|Any CPU.Build.0 = Release|Any CPU
	EndGlobalSection
	GlobalSection(SolutionProperties) = preSolution
		HideSolutionNode = FALSE
	EndGlobalSection
	GlobalSection(ExtensibilityGlobals) = postSolution
		SolutionGuid = {A72EE482-9727-47B3-8EFD-953DDF380EE0}
	EndGlobalSection
EndGlobal
